
Microsoft Visual Studio Solution File, Format Version 12.00
# Visual Studio 15
VisualStudioVersion = 15.0.27130.2027
MinimumVisualStudioVersion = 10.0.40219.1
Project("{FAE04EC0-301F-11D3-BF4B-00C04F79EFBC}") = "LabsNTVP", "LabsNTVP\LabsNTVP.csproj", "{B3238050-7BD5-45EB-AE4D-3E4C5650F9F0}"
EndProject
Global
	GlobalSection(SolutionConfigurationPlatforms) = preSolution
		Debug|Any CPU = Debug|Any CPU
		Release|Any CPU = Release|Any CPU
	EndGlobalSection
	GlobalSection(ProjectConfigurationPlatforms) = postSolution
		{B3238050-7BD5-45EB-AE4D-3E4C5650F9F0}.Debug|Any CPU.ActiveCfg = Debug|Any CPU
		{B3238050-7BD5-45EB-AE4D-3E4C5650F9F0}.Debug|Any CPU.Build.0 = Debug|Any CPU
		{B3238050-7BD5-45EB-AE4D-3E4C5650F9F0}.Release|Any CPU.ActiveCfg = Release|Any CPU
		{B3238050-7BD5-45EB-AE4D-3E4C5650F9F0}.Release|Any CPU.Build.0 = Release|Any CPU
	EndGlobalSection
	GlobalSection(SolutionProperties) = preSolution
		HideSolutionNode = FALSE
	EndGlobalSection
	GlobalSection(ExtensibilityGlobals) = postSolution
		SolutionGuid = {9F61AFD0-D014-411D-B36A-2FB6E8E4EA83}
	EndGlobalSection
EndGlobal
