
Microsoft Visual Studio Solution File, Format Version 12.00
# Visual Studio 15
VisualStudioVersion = 15.0.27130.2027
MinimumVisualStudioVersion = 10.0.40219.1
Project("{FAE04EC0-301F-11D3-BF4B-00C04F79EFBC}") = "Model", "Model\Model.csproj", "{9EE3F734-C96B-45BC-ABDF-C5D0EA573F69}"
EndProject
Project("{FAE04EC0-301F-11D3-BF4B-00C04F79EFBC}") = "ConsoleLauncher", "ConsoleLauncher\ConsoleLauncher.csproj", "{CBA4B69A-0715-4628-A799-E36DE7C52987}"
EndProject
Global
	GlobalSection(SolutionConfigurationPlatforms) = preSolution
		Debug|Any CPU = Debug|Any CPU
		Release|Any CPU = Release|Any CPU
	EndGlobalSection
	GlobalSection(ProjectConfigurationPlatforms) = postSolution
		{9EE3F734-C96B-45BC-ABDF-C5D0EA573F69}.Debug|Any CPU.ActiveCfg = Debug|Any CPU
		{9EE3F734-C96B-45BC-ABDF-C5D0EA573F69}.Debug|Any CPU.Build.0 = Debug|Any CPU
		{9EE3F734-C96B-45BC-ABDF-C5D0EA573F69}.Release|Any CPU.ActiveCfg = Release|Any CPU
		{9EE3F734-C96B-45BC-ABDF-C5D0EA573F69}.Release|Any CPU.Build.0 = Release|Any CPU
		{CBA4B69A-0715-4628-A799-E36DE7C52987}.Debug|Any CPU.ActiveCfg = Debug|Any CPU
		{CBA4B69A-0715-4628-A799-E36DE7C52987}.Debug|Any CPU.Build.0 = Debug|Any CPU
		{CBA4B69A-0715-4628-A799-E36DE7C52987}.Release|Any CPU.ActiveCfg = Release|Any CPU
		{CBA4B69A-0715-4628-A799-E36DE7C52987}.Release|Any CPU.Build.0 = Release|Any CPU
	EndGlobalSection
	GlobalSection(SolutionProperties) = preSolution
		HideSolutionNode = FALSE
	EndGlobalSection
	GlobalSection(ExtensibilityGlobals) = postSolution
		SolutionGuid = {96A6DC0F-E76A-4C7E-AF4E-CFCA48A9385E}
	EndGlobalSection
EndGlobal
